<?xml version="1.0" encoding="utf-8"?>
<Project ToolsVersion="4.0" xmlns="http://schemas.microsoft.com/developer/msbuild/2003">
  <ItemGroup>
    <ClCompile Include="GLBasicShaderProgram.cpp">
      <Filter>Graphics</Filter>
    </ClCompile>
    <ClCompile Include="D3DRenderer.cpp">
      <Filter>Graphics</Filter>
    </ClCompile>
    <ClCompile Include="GLRenderer.cpp">
      <Filter>Graphics</Filter>
    </ClCompile>
    <ClCompile Include="GLShader.cpp">
      <Filter>Graphics</Filter>
    </ClCompile>
    <ClCompile Include="MeshManager.cpp">
      <Filter>Graphics</Filter>
    </ClCompile>
    <ClCompile Include="ShaderManager.cpp">
      <Filter>Graphics</Filter>
    </ClCompile>
    <ClCompile Include="Camera.cpp" />
    <ClCompile Include="CubeObject.cpp" />
    <ClCompile Include="Game.cpp" />
    <ClCompile Include="Main.cpp" />
    <ClCompile Include="MyGame.cpp" />
    <ClCompile Include="SceneNode.cpp" />
    <ClCompile Include="TestModel.cpp" />
    <ClCompile Include="TriangleObject.cpp" />
    <ClCompile Include="GLShaderProgram.cpp">
      <Filter>Graphics</Filter>
    </ClCompile>
  </ItemGroup>
  <ItemGroup>
    <ClInclude Include="D3DRenderer.h">
      <Filter>Graphics</Filter>
    </ClInclude>
    <ClInclude Include="GLBasicShaderProgram.h">
      <Filter>Graphics</Filter>
    </ClInclude>
    <ClInclude Include="GLRenderer.h">
      <Filter>Graphics</Filter>
    </ClInclude>
    <ClInclude Include="GLShader.h">
      <Filter>Graphics</Filter>
    </ClInclude>
    <ClInclude Include="GLShaderProgram.h">
      <Filter>Graphics</Filter>
    </ClInclude>
    <ClInclude Include="MeshManager.h">
      <Filter>Graphics</Filter>
    </ClInclude>
    <ClInclude Include="Renderer.h">
      <Filter>Graphics</Filter>
    </ClInclude>
    <ClInclude Include="ShaderManager.h">
      <Filter>Graphics</Filter>
    </ClInclude>
    <ClInclude Include="Camera.h" />
    <ClInclude Include="CubeObject.h" />
    <ClInclude Include="Game.h" />
    <ClInclude Include="MyGame.h" />
    <ClInclude Include="SceneNode.h" />
    <ClInclude Include="TestModel.h" />
    <ClInclude Include="TriangleObject.h" />
  </ItemGroup>
  <ItemGroup>
    <Filter Include="Graphics">
      <UniqueIdentifier>{f7d3ac0c-ef35-4fef-b811-e242adfad0f4}</UniqueIdentifier>
    </Filter>
    <Filter Include="Graphics\Shaders">
      <UniqueIdentifier>{82306146-dd49-44d1-bc98-e3e67200a435}</UniqueIdentifier>
    </Filter>
  </ItemGroup>
  <ItemGroup>
    <None Include="..\Shaders\BasicFragmentShader.glsl">
      <Filter>Graphics\Shaders</Filter>
    </None>
    <None Include="..\Shaders\BasicVertexShader.glsl">
      <Filter>Graphics\Shaders</Filter>
    </None>
    <None Include="..\Shaders\FragmentShader.glsl">
      <Filter>Graphics\Shaders</Filter>
    </None>
    <None Include="..\Shaders\VertexShader.glsl">
      <Filter>Graphics\Shaders</Filter>
    </None>
  </ItemGroup>
</Project>